// !$*UTF8*$!
{
	archiveVersion = 1;
	classes = {
	};
	objectVersion = 50;
	objects = {

/* Begin PBXBuildFile section */
		46007B9F24CED7B000A02F3C /* CSATextFieldView.swift in Sources */ = {isa = PBXBuildFile; fileRef = 46007B9E24CED7B000A02F3C /* CSATextFieldView.swift */; };
		46007BA124CEE47E00A02F3C /* CSATextField.swift in Sources */ = {isa = PBXBuildFile; fileRef = 46007BA024CEE47E00A02F3C /* CSATextField.swift */; };
		46007BA524CEF16D00A02F3C /* CSATextFieldTitleLabel.swift in Sources */ = {isa = PBXBuildFile; fileRef = 46007BA424CEF16D00A02F3C /* CSATextFieldTitleLabel.swift */; };
		46007BAE24CEF57900A02F3C /* CSAAuthButton.swift in Sources */ = {isa = PBXBuildFile; fileRef = 46007BAD24CEF57900A02F3C /* CSAAuthButton.swift */; };
		46007BB024CEF82100A02F3C /* CSATextButton.swift in Sources */ = {isa = PBXBuildFile; fileRef = 46007BAF24CEF82100A02F3C /* CSATextButton.swift */; };
		46007BB224CEFD6A00A02F3C /* CSATitleLabel.swift in Sources */ = {isa = PBXBuildFile; fileRef = 46007BB124CEFD6A00A02F3C /* CSATitleLabel.swift */; };
		46007BB424CEFDF600A02F3C /* Constants.swift in Sources */ = {isa = PBXBuildFile; fileRef = 46007BB324CEFDF600A02F3C /* Constants.swift */; };
		4653BBFB24CEC5AF009C2F6A /* AppDelegate.swift in Sources */ = {isa = PBXBuildFile; fileRef = 4653BBFA24CEC5AF009C2F6A /* AppDelegate.swift */; };
		4653BBFD24CEC5AF009C2F6A /* SceneDelegate.swift in Sources */ = {isa = PBXBuildFile; fileRef = 4653BBFC24CEC5AF009C2F6A /* SceneDelegate.swift */; };
		4653BC0424CEC5B2009C2F6A /* Assets.xcassets in Resources */ = {isa = PBXBuildFile; fileRef = 4653BC0324CEC5B2009C2F6A /* Assets.xcassets */; };
		4653BC0724CEC5B2009C2F6A /* LaunchScreen.storyboard in Resources */ = {isa = PBXBuildFile; fileRef = 4653BC0524CEC5B2009C2F6A /* LaunchScreen.storyboard */; };
		4653BC1224CEC5B2009C2F6A /* Car_Service_AppTests.swift in Sources */ = {isa = PBXBuildFile; fileRef = 4653BC1124CEC5B2009C2F6A /* Car_Service_AppTests.swift */; };
		4653BC1F24CEC9D1009C2F6A /* LoginVC.swift in Sources */ = {isa = PBXBuildFile; fileRef = 4653BC1E24CEC9D1009C2F6A /* LoginVC.swift */; };
		4653BC2124CEC9E0009C2F6A /* RegisterVC.swift in Sources */ = {isa = PBXBuildFile; fileRef = 4653BC2024CEC9E0009C2F6A /* RegisterVC.swift */; };
/* End PBXBuildFile section */

/* Begin PBXContainerItemProxy section */
		4653BC0E24CEC5B2009C2F6A /* PBXContainerItemProxy */ = {
			isa = PBXContainerItemProxy;
			containerPortal = 4653BBEF24CEC5AF009C2F6A /* Project object */;
			proxyType = 1;
			remoteGlobalIDString = 4653BBF624CEC5AF009C2F6A;
			remoteInfo = "Car Service App";
		};
/* End PBXContainerItemProxy section */

/* Begin PBXFileReference section */
		46007B9E24CED7B000A02F3C /* CSATextFieldView.swift */ = {isa = PBXFileReference; lastKnownFileType = sourcecode.swift; path = CSATextFieldView.swift; sourceTree = "<group>"; };
		46007BA024CEE47E00A02F3C /* CSATextField.swift */ = {isa = PBXFileReference; lastKnownFileType = sourcecode.swift; path = CSATextField.swift; sourceTree = "<group>"; };
		46007BA424CEF16D00A02F3C /* CSATextFieldTitleLabel.swift */ = {isa = PBXFileReference; lastKnownFileType = sourcecode.swift; path = CSATextFieldTitleLabel.swift; sourceTree = "<group>"; };
		46007BAD24CEF57900A02F3C /* CSAAuthButton.swift */ = {isa = PBXFileReference; lastKnownFileType = sourcecode.swift; path = CSAAuthButton.swift; sourceTree = "<group>"; };
		46007BAF24CEF82100A02F3C /* CSATextButton.swift */ = {isa = PBXFileReference; lastKnownFileType = sourcecode.swift; path = CSATextButton.swift; sourceTree = "<group>"; };
		46007BB124CEFD6A00A02F3C /* CSATitleLabel.swift */ = {isa = PBXFileReference; lastKnownFileType = sourcecode.swift; path = CSATitleLabel.swift; sourceTree = "<group>"; };
		46007BB324CEFDF600A02F3C /* Constants.swift */ = {isa = PBXFileReference; lastKnownFileType = sourcecode.swift; path = Constants.swift; sourceTree = "<group>"; };
		4653BBF724CEC5AF009C2F6A /* Car Service App.app */ = {isa = PBXFileReference; explicitFileType = wrapper.application; includeInIndex = 0; path = "Car Service App.app"; sourceTree = BUILT_PRODUCTS_DIR; };
		4653BBFA24CEC5AF009C2F6A /* AppDelegate.swift */ = {isa = PBXFileReference; lastKnownFileType = sourcecode.swift; path = AppDelegate.swift; sourceTree = "<group>"; };
		4653BBFC24CEC5AF009C2F6A /* SceneDelegate.swift */ = {isa = PBXFileReference; lastKnownFileType = sourcecode.swift; path = SceneDelegate.swift; sourceTree = "<group>"; };
		4653BC0324CEC5B2009C2F6A /* Assets.xcassets */ = {isa = PBXFileReference; lastKnownFileType = folder.assetcatalog; path = Assets.xcassets; sourceTree = "<group>"; };
		4653BC0624CEC5B2009C2F6A /* Base */ = {isa = PBXFileReference; lastKnownFileType = file.storyboard; name = Base; path = Base.lproj/LaunchScreen.storyboard; sourceTree = "<group>"; };
		4653BC0824CEC5B2009C2F6A /* Info.plist */ = {isa = PBXFileReference; lastKnownFileType = text.plist.xml; path = Info.plist; sourceTree = "<group>"; };
		4653BC0D24CEC5B2009C2F6A /* Car Service AppTests.xctest */ = {isa = PBXFileReference; explicitFileType = wrapper.cfbundle; includeInIndex = 0; path = "Car Service AppTests.xctest"; sourceTree = BUILT_PRODUCTS_DIR; };
		4653BC1124CEC5B2009C2F6A /* Car_Service_AppTests.swift */ = {isa = PBXFileReference; lastKnownFileType = sourcecode.swift; path = Car_Service_AppTests.swift; sourceTree = "<group>"; };
		4653BC1324CEC5B2009C2F6A /* Info.plist */ = {isa = PBXFileReference; lastKnownFileType = text.plist.xml; path = Info.plist; sourceTree = "<group>"; };
		4653BC1E24CEC9D1009C2F6A /* LoginVC.swift */ = {isa = PBXFileReference; lastKnownFileType = sourcecode.swift; path = LoginVC.swift; sourceTree = "<group>"; };
		4653BC2024CEC9E0009C2F6A /* RegisterVC.swift */ = {isa = PBXFileReference; lastKnownFileType = sourcecode.swift; path = RegisterVC.swift; sourceTree = "<group>"; };
/* End PBXFileReference section */

/* Begin PBXFrameworksBuildPhase section */
		4653BBF424CEC5AF009C2F6A /* Frameworks */ = {
			isa = PBXFrameworksBuildPhase;
			buildActionMask = 2147483647;
			files = (
			);
			runOnlyForDeploymentPostprocessing = 0;
		};
		4653BC0A24CEC5B2009C2F6A /* Frameworks */ = {
			isa = PBXFrameworksBuildPhase;
			buildActionMask = 2147483647;
			files = (
			);
			runOnlyForDeploymentPostprocessing = 0;
		};
/* End PBXFrameworksBuildPhase section */

/* Begin PBXGroup section */
		46007BA624CEF4F100A02F3C /* TextFields */ = {
			isa = PBXGroup;
			children = (
				46007BA024CEE47E00A02F3C /* CSATextField.swift */,
			);
			path = TextFields;
			sourceTree = "<group>";
		};
		46007BA724CEF4FD00A02F3C /* Labels */ = {
			isa = PBXGroup;
			children = (
				46007BA424CEF16D00A02F3C /* CSATextFieldTitleLabel.swift */,
				46007BB124CEFD6A00A02F3C /* CSATitleLabel.swift */,
			);
			path = Labels;
			sourceTree = "<group>";
		};
		46007BA824CEF50700A02F3C /* Screens */ = {
			isa = PBXGroup;
			children = (
				4653BC1E24CEC9D1009C2F6A /* LoginVC.swift */,
				4653BC2024CEC9E0009C2F6A /* RegisterVC.swift */,
			);
			path = Screens;
			sourceTree = "<group>";
		};
		46007BA924CEF51800A02F3C /* Views */ = {
			isa = PBXGroup;
			children = (
				46007B9E24CED7B000A02F3C /* CSATextFieldView.swift */,
			);
			path = Views;
			sourceTree = "<group>";
		};
		46007BAA24CEF52100A02F3C /* Cutom Views */ = {
			isa = PBXGroup;
			children = (
				46007BAC24CEF55400A02F3C /* Buttons */,
				46007BA924CEF51800A02F3C /* Views */,
				46007BA624CEF4F100A02F3C /* TextFields */,
				46007BA724CEF4FD00A02F3C /* Labels */,
			);
			path = "Cutom Views";
			sourceTree = "<group>";
		};
		46007BAB24CEF52A00A02F3C /* Supporting Files */ = {
			isa = PBXGroup;
			children = (
				4653BBFA24CEC5AF009C2F6A /* AppDelegate.swift */,
				4653BBFC24CEC5AF009C2F6A /* SceneDelegate.swift */,
				4653BC0324CEC5B2009C2F6A /* Assets.xcassets */,
				4653BC0524CEC5B2009C2F6A /* LaunchScreen.storyboard */,
			);
			path = "Supporting Files";
			sourceTree = "<group>";
		};
		46007BAC24CEF55400A02F3C /* Buttons */ = {
			isa = PBXGroup;
			children = (
				46007BAD24CEF57900A02F3C /* CSAAuthButton.swift */,
				46007BAF24CEF82100A02F3C /* CSATextButton.swift */,
			);
			path = Buttons;
			sourceTree = "<group>";
		};
		4653BBEE24CEC5AF009C2F6A = {
			isa = PBXGroup;
			children = (
				4653BBF924CEC5AF009C2F6A /* Car Service App */,
				4653BC1024CEC5B2009C2F6A /* Car Service AppTests */,
				4653BBF824CEC5AF009C2F6A /* Products */,
			);
			sourceTree = "<group>";
		};
		4653BBF824CEC5AF009C2F6A /* Products */ = {
			isa = PBXGroup;
			children = (
				4653BBF724CEC5AF009C2F6A /* Car Service App.app */,
				4653BC0D24CEC5B2009C2F6A /* Car Service AppTests.xctest */,
			);
			name = Products;
			sourceTree = "<group>";
		};
		4653BBF924CEC5AF009C2F6A /* Car Service App */ = {
			isa = PBXGroup;
			children = (
				46007BB324CEFDF600A02F3C /* Constants.swift */,
				4653BC0824CEC5B2009C2F6A /* Info.plist */,
				46007BAB24CEF52A00A02F3C /* Supporting Files */,
				46007BAA24CEF52100A02F3C /* Cutom Views */,
				46007BA824CEF50700A02F3C /* Screens */,
			);
			path = "Car Service App";
			sourceTree = "<group>";
		};
		4653BC1024CEC5B2009C2F6A /* Car Service AppTests */ = {
			isa = PBXGroup;
			children = (
				4653BC1124CEC5B2009C2F6A /* Car_Service_AppTests.swift */,
				4653BC1324CEC5B2009C2F6A /* Info.plist */,
			);
			path = "Car Service AppTests";
			sourceTree = "<group>";
		};
/* End PBXGroup section */

/* Begin PBXNativeTarget section */
		4653BBF624CEC5AF009C2F6A /* Car Service App */ = {
			isa = PBXNativeTarget;
			buildConfigurationList = 4653BC1624CEC5B2009C2F6A /* Build configuration list for PBXNativeTarget "Car Service App" */;
			buildPhases = (
				4653BBF324CEC5AF009C2F6A /* Sources */,
				4653BBF424CEC5AF009C2F6A /* Frameworks */,
				4653BBF524CEC5AF009C2F6A /* Resources */,
			);
			buildRules = (
			);
			dependencies = (
			);
			name = "Car Service App";
			productName = "Car Service App";
			productReference = 4653BBF724CEC5AF009C2F6A /* Car Service App.app */;
			productType = "com.apple.product-type.application";
		};
		4653BC0C24CEC5B2009C2F6A /* Car Service AppTests */ = {
			isa = PBXNativeTarget;
			buildConfigurationList = 4653BC1924CEC5B2009C2F6A /* Build configuration list for PBXNativeTarget "Car Service AppTests" */;
			buildPhases = (
				4653BC0924CEC5B2009C2F6A /* Sources */,
				4653BC0A24CEC5B2009C2F6A /* Frameworks */,
				4653BC0B24CEC5B2009C2F6A /* Resources */,
			);
			buildRules = (
			);
			dependencies = (
				4653BC0F24CEC5B2009C2F6A /* PBXTargetDependency */,
			);
			name = "Car Service AppTests";
			productName = "Car Service AppTests";
			productReference = 4653BC0D24CEC5B2009C2F6A /* Car Service AppTests.xctest */;
			productType = "com.apple.product-type.bundle.unit-test";
		};
/* End PBXNativeTarget section */

/* Begin PBXProject section */
		4653BBEF24CEC5AF009C2F6A /* Project object */ = {
			isa = PBXProject;
			attributes = {
				LastSwiftUpdateCheck = 1160;
				LastUpgradeCheck = 1160;
				ORGANIZATIONNAME = "Murat Baykor";
				TargetAttributes = {
					4653BBF624CEC5AF009C2F6A = {
						CreatedOnToolsVersion = 11.6;
					};
					4653BC0C24CEC5B2009C2F6A = {
						CreatedOnToolsVersion = 11.6;
						TestTargetID = 4653BBF624CEC5AF009C2F6A;
					};
				};
			};
			buildConfigurationList = 4653BBF224CEC5AF009C2F6A /* Build configuration list for PBXProject "Car Service App" */;
			compatibilityVersion = "Xcode 9.3";
			developmentRegion = en;
			hasScannedForEncodings = 0;
			knownRegions = (
				en,
				Base,
			);
			mainGroup = 4653BBEE24CEC5AF009C2F6A;
			productRefGroup = 4653BBF824CEC5AF009C2F6A /* Products */;
			projectDirPath = "";
			projectRoot = "";
			targets = (
				4653BBF624CEC5AF009C2F6A /* Car Service App */,
				4653BC0C24CEC5B2009C2F6A /* Car Service AppTests */,
			);
		};
/* End PBXProject section */

/* Begin PBXResourcesBuildPhase section */
		4653BBF524CEC5AF009C2F6A /* Resources */ = {
			isa = PBXResourcesBuildPhase;
			buildActionMask = 2147483647;
			files = (
				4653BC0724CEC5B2009C2F6A /* LaunchScreen.storyboard in Resources */,
				4653BC0424CEC5B2009C2F6A /* Assets.xcassets in Resources */,
			);
			runOnlyForDeploymentPostprocessing = 0;
		};
		4653BC0B24CEC5B2009C2F6A /* Resources */ = {
			isa = PBXResourcesBuildPhase;
			buildActionMask = 2147483647;
			files = (
			);
			runOnlyForDeploymentPostprocessing = 0;
		};
/* End PBXResourcesBuildPhase section */

/* Begin PBXSourcesBuildPhase section */
		4653BBF324CEC5AF009C2F6A /* Sources */ = {
			isa = PBXSourcesBuildPhase;
			buildActionMask = 2147483647;
			files = (
				4653BBFB24CEC5AF009C2F6A /* AppDelegate.swift in Sources */,
				46007BB424CEFDF600A02F3C /* Constants.swift in Sources */,
				46007BA124CEE47E00A02F3C /* CSATextField.swift in Sources */,
				4653BC2124CEC9E0009C2F6A /* RegisterVC.swift in Sources */,
				46007BAE24CEF57900A02F3C /* CSAAuthButton.swift in Sources */,
				46007BB024CEF82100A02F3C /* CSATextButton.swift in Sources */,
				46007BB224CEFD6A00A02F3C /* CSATitleLabel.swift in Sources */,
				4653BBFD24CEC5AF009C2F6A /* SceneDelegate.swift in Sources */,
				4653BC1F24CEC9D1009C2F6A /* LoginVC.swift in Sources */,
				46007BA524CEF16D00A02F3C /* CSATextFieldTitleLabel.swift in Sources */,
				46007B9F24CED7B000A02F3C /* CSATextFieldView.swift in Sources */,
			);
			runOnlyForDeploymentPostprocessing = 0;
		};
		4653BC0924CEC5B2009C2F6A /* Sources */ = {
			isa = PBXSourcesBuildPhase;
			buildActionMask = 2147483647;
			files = (
				4653BC1224CEC5B2009C2F6A /* Car_Service_AppTests.swift in Sources */,
			);
			runOnlyForDeploymentPostprocessing = 0;
		};
/* End PBXSourcesBuildPhase section */

/* Begin PBXTargetDependency section */
		4653BC0F24CEC5B2009C2F6A /* PBXTargetDependency */ = {
			isa = PBXTargetDependency;
			target = 4653BBF624CEC5AF009C2F6A /* Car Service App */;
			targetProxy = 4653BC0E24CEC5B2009C2F6A /* PBXContainerItemProxy */;
		};
/* End PBXTargetDependency section */

/* Begin PBXVariantGroup section */
		4653BC0524CEC5B2009C2F6A /* LaunchScreen.storyboard */ = {
			isa = PBXVariantGroup;
			children = (
				4653BC0624CEC5B2009C2F6A /* Base */,
			);
			name = LaunchScreen.storyboard;
			sourceTree = "<group>";
		};
/* End PBXVariantGroup section */

/* Begin XCBuildConfiguration section */
		4653BC1424CEC5B2009C2F6A /* Debug */ = {
			isa = XCBuildConfiguration;
			buildSettings = {
				ALWAYS_SEARCH_USER_PATHS = NO;
				CLANG_ANALYZER_NONNULL = YES;
				CLANG_ANALYZER_NUMBER_OBJECT_CONVERSION = YES_AGGRESSIVE;
				CLANG_CXX_LANGUAGE_STANDARD = "gnu++14";
				CLANG_CXX_LIBRARY = "libc++";
				CLANG_ENABLE_MODULES = YES;
				CLANG_ENABLE_OBJC_ARC = YES;
				CLANG_ENABLE_OBJC_WEAK = YES;
				CLANG_WARN_BLOCK_CAPTURE_AUTORELEASING = YES;
				CLANG_WARN_BOOL_CONVERSION = YES;
				CLANG_WARN_COMMA = YES;
				CLANG_WARN_CONSTANT_CONVERSION = YES;
				CLANG_WARN_DEPRECATED_OBJC_IMPLEMENTATIONS = YES;
				CLANG_WARN_DIRECT_OBJC_ISA_USAGE = YES_ERROR;
				CLANG_WARN_DOCUMENTATION_COMMENTS = YES;
				CLANG_WARN_EMPTY_BODY = YES;
				CLANG_WARN_ENUM_CONVERSION = YES;
				CLANG_WARN_INFINITE_RECURSION = YES;
				CLANG_WARN_INT_CONVERSION = YES;
				CLANG_WARN_NON_LITERAL_NULL_CONVERSION = YES;
				CLANG_WARN_OBJC_IMPLICIT_RETAIN_SELF = YES;
				CLANG_WARN_OBJC_LITERAL_CONVERSION = YES;
				CLANG_WARN_OBJC_ROOT_CLASS = YES_ERROR;
				CLANG_WARN_RANGE_LOOP_ANALYSIS = YES;
				CLANG_WARN_STRICT_PROTOTYPES = YES;
				CLANG_WARN_SUSPICIOUS_MOVE = YES;
				CLANG_WARN_UNGUARDED_AVAILABILITY = YES_AGGRESSIVE;
				CLANG_WARN_UNREACHABLE_CODE = YES;
				CLANG_WARN__DUPLICATE_METHOD_MATCH = YES;
				COPY_PHASE_STRIP = NO;
				DEBUG_INFORMATION_FORMAT = dwarf;
				ENABLE_STRICT_OBJC_MSGSEND = YES;
				ENABLE_TESTABILITY = YES;
				GCC_C_LANGUAGE_STANDARD = gnu11;
				GCC_DYNAMIC_NO_PIC = NO;
				GCC_NO_COMMON_BLOCKS = YES;
				GCC_OPTIMIZATION_LEVEL = 0;
				GCC_PREPROCESSOR_DEFINITIONS = (
					"DEBUG=1",
					"$(inherited)",
				);
				GCC_WARN_64_TO_32_BIT_CONVERSION = YES;
				GCC_WARN_ABOUT_RETURN_TYPE = YES_ERROR;
				GCC_WARN_UNDECLARED_SELECTOR = YES;
				GCC_WARN_UNINITIALIZED_AUTOS = YES_AGGRESSIVE;
				GCC_WARN_UNUSED_FUNCTION = YES;
				GCC_WARN_UNUSED_VARIABLE = YES;
				IPHONEOS_DEPLOYMENT_TARGET = 13.6;
				MTL_ENABLE_DEBUG_INFO = INCLUDE_SOURCE;
				MTL_FAST_MATH = YES;
				ONLY_ACTIVE_ARCH = YES;
				SDKROOT = iphoneos;
				SWIFT_ACTIVE_COMPILATION_CONDITIONS = DEBUG;
				SWIFT_OPTIMIZATION_LEVEL = "-Onone";
			};
			name = Debug;
		};
		4653BC1524CEC5B2009C2F6A /* Release */ = {
			isa = XCBuildConfiguration;
			buildSettings = {
				ALWAYS_SEARCH_USER_PATHS = NO;
				CLANG_ANALYZER_NONNULL = YES;
				CLANG_ANALYZER_NUMBER_OBJECT_CONVERSION = YES_AGGRESSIVE;
				CLANG_CXX_LANGUAGE_STANDARD = "gnu++14";
				CLANG_CXX_LIBRARY = "libc++";
				CLANG_ENABLE_MODULES = YES;
				CLANG_ENABLE_OBJC_ARC = YES;
				CLANG_ENABLE_OBJC_WEAK = YES;
				CLANG_WARN_BLOCK_CAPTURE_AUTORELEASING = YES;
				CLANG_WARN_BOOL_CONVERSION = YES;
				CLANG_WARN_COMMA = YES;
				CLANG_WARN_CONSTANT_CONVERSION = YES;
				CLANG_WARN_DEPRECATED_OBJC_IMPLEMENTATIONS = YES;
				CLANG_WARN_DIRECT_OBJC_ISA_USAGE = YES_ERROR;
				CLANG_WARN_DOCUMENTATION_COMMENTS = YES;
				CLANG_WARN_EMPTY_BODY = YES;
				CLANG_WARN_ENUM_CONVERSION = YES;
				CLANG_WARN_INFINITE_RECURSION = YES;
				CLANG_WARN_INT_CONVERSION = YES;
				CLANG_WARN_NON_LITERAL_NULL_CONVERSION = YES;
				CLANG_WARN_OBJC_IMPLICIT_RETAIN_SELF = YES;
				CLANG_WARN_OBJC_LITERAL_CONVERSION = YES;
				CLANG_WARN_OBJC_ROOT_CLASS = YES_ERROR;
				CLANG_WARN_RANGE_LOOP_ANALYSIS = YES;
				CLANG_WARN_STRICT_PROTOTYPES = YES;
				CLANG_WARN_SUSPICIOUS_MOVE = YES;
				CLANG_WARN_UNGUARDED_AVAILABILITY = YES_AGGRESSIVE;
				CLANG_WARN_UNREACHABLE_CODE = YES;
				CLANG_WARN__DUPLICATE_METHOD_MATCH = YES;
				COPY_PHASE_STRIP = NO;
				DEBUG_INFORMATION_FORMAT = "dwarf-with-dsym";
				ENABLE_NS_ASSERTIONS = NO;
				ENABLE_STRICT_OBJC_MSGSEND = YES;
				GCC_C_LANGUAGE_STANDARD = gnu11;
				GCC_NO_COMMON_BLOCKS = YES;
				GCC_WARN_64_TO_32_BIT_CONVERSION = YES;
				GCC_WARN_ABOUT_RETURN_TYPE = YES_ERROR;
				GCC_WARN_UNDECLARED_SELECTOR = YES;
				GCC_WARN_UNINITIALIZED_AUTOS = YES_AGGRESSIVE;
				GCC_WARN_UNUSED_FUNCTION = YES;
				GCC_WARN_UNUSED_VARIABLE = YES;
				IPHONEOS_DEPLOYMENT_TARGET = 13.6;
				MTL_ENABLE_DEBUG_INFO = NO;
				MTL_FAST_MATH = YES;
				SDKROOT = iphoneos;
				SWIFT_COMPILATION_MODE = wholemodule;
				SWIFT_OPTIMIZATION_LEVEL = "-O";
				VALIDATE_PRODUCT = YES;
			};
			name = Release;
		};
		4653BC1724CEC5B2009C2F6A /* Debug */ = {
			isa = XCBuildConfiguration;
			buildSettings = {
				ASSETCATALOG_COMPILER_APPICON_NAME = AppIcon;
				CODE_SIGN_STYLE = Automatic;
				DEVELOPMENT_TEAM = 3FP28BF586;
				INFOPLIST_FILE = "Car Service App/Info.plist";
				IPHONEOS_DEPLOYMENT_TARGET = 13.0;
				LD_RUNPATH_SEARCH_PATHS = (
					"$(inherited)",
					"@executable_path/Frameworks",
				);
				PRODUCT_BUNDLE_IDENTIFIER = "com.foytingo.Car-Service-App";
				PRODUCT_NAME = "$(TARGET_NAME)";
				SWIFT_VERSION = 5.0;
				TARGETED_DEVICE_FAMILY = "1,2";
			};
			name = Debug;
		};
		4653BC1824CEC5B2009C2F6A /* Release */ = {
			isa = XCBuildConfiguration;
			buildSettings = {
				ASSETCATALOG_COMPILER_APPICON_NAME = AppIcon;
				CODE_SIGN_STYLE = Automatic;
				DEVELOPMENT_TEAM = 3FP28BF586;
				INFOPLIST_FILE = "Car Service App/Info.plist";
				IPHONEOS_DEPLOYMENT_TARGET = 13.0;
				LD_RUNPATH_SEARCH_PATHS = (
					"$(inherited)",
					"@executable_path/Frameworks",
				);
				PRODUCT_BUNDLE_IDENTIFIER = "com.foytingo.Car-Service-App";
				PRODUCT_NAME = "$(TARGET_NAME)";
				SWIFT_VERSION = 5.0;
				TARGETED_DEVICE_FAMILY = "1,2";
			};
			name = Release;
		};
		4653BC1A24CEC5B2009C2F6A /* Debug */ = {
			isa = XCBuildConfiguration;
			buildSettings = {
				ALWAYS_EMBED_SWIFT_STANDARD_LIBRARIES = YES;
				BUNDLE_LOADER = "$(TEST_HOST)";
				CODE_SIGN_STYLE = Automatic;
				DEVELOPMENT_TEAM = 3FP28BF586;
				INFOPLIST_FILE = "Car Service AppTests/Info.plist";
				IPHONEOS_DEPLOYMENT_TARGET = 13.6;
				LD_RUNPATH_SEARCH_PATHS = (
					"$(inherited)",
					"@executable_path/Frameworks",
					"@loader_path/Frameworks",
				);
				PRODUCT_BUNDLE_IDENTIFIER = "com.foytingo.Car-Service-AppTests";
				PRODUCT_NAME = "$(TARGET_NAME)";
				SWIFT_VERSION = 5.0;
				TARGETED_DEVICE_FAMILY = "1,2";
				TEST_HOST = "$(BUILT_PRODUCTS_DIR)/Car Service App.app/Car Service App";
			};
			name = Debug;
		};
		4653BC1B24CEC5B2009C2F6A /* Release */ = {
			isa = XCBuildConfiguration;
			buildSettings = {
				ALWAYS_EMBED_SWIFT_STANDARD_LIBRARIES = YES;
				BUNDLE_LOADER = "$(TEST_HOST)";
				CODE_SIGN_STYLE = Automatic;
				DEVELOPMENT_TEAM = 3FP28BF586;
				INFOPLIST_FILE = "Car Service AppTests/Info.plist";
				IPHONEOS_DEPLOYMENT_TARGET = 13.6;
				LD_RUNPATH_SEARCH_PATHS = (
					"$(inherited)",
					"@executable_path/Frameworks",
					"@loader_path/Frameworks",
				);
				PRODUCT_BUNDLE_IDENTIFIER = "com.foytingo.Car-Service-AppTests";
				PRODUCT_NAME = "$(TARGET_NAME)";
				SWIFT_VERSION = 5.0;
				TARGETED_DEVICE_FAMILY = "1,2";
				TEST_HOST = "$(BUILT_PRODUCTS_DIR)/Car Service App.app/Car Service App";
			};
			name = Release;
		};
/* End XCBuildConfiguration section */

/* Begin XCConfigurationList section */
		4653BBF224CEC5AF009C2F6A /* Build configuration list for PBXProject "Car Service App" */ = {
			isa = XCConfigurationList;
			buildConfigurations = (
				4653BC1424CEC5B2009C2F6A /* Debug */,
				4653BC1524CEC5B2009C2F6A /* Release */,
			);
			defaultConfigurationIsVisible = 0;
			defaultConfigurationName = Release;
		};
		4653BC1624CEC5B2009C2F6A /* Build configuration list for PBXNativeTarget "Car Service App" */ = {
			isa = XCConfigurationList;
			buildConfigurations = (
				4653BC1724CEC5B2009C2F6A /* Debug */,
				4653BC1824CEC5B2009C2F6A /* Release */,
			);
			defaultConfigurationIsVisible = 0;
			defaultConfigurationName = Release;
		};
		4653BC1924CEC5B2009C2F6A /* Build configuration list for PBXNativeTarget "Car Service AppTests" */ = {
			isa = XCConfigurationList;
			buildConfigurations = (
				4653BC1A24CEC5B2009C2F6A /* Debug */,
				4653BC1B24CEC5B2009C2F6A /* Release */,
			);
			defaultConfigurationIsVisible = 0;
			defaultConfigurationName = Release;
		};
/* End XCConfigurationList section */
	};
	rootObject = 4653BBEF24CEC5AF009C2F6A /* Project object */;
}
